
Microsoft Visual Studio Solution File, Format Version 12.00
# Visual Studio 15
Project("{FAE04EC0-301F-11D3-BF4B-00C04F79EFBC}") = "TestingDropdowns", "TestingDropdowns\TestingDropdowns.csproj", "{3DD12AA5-A0DE-4469-8AB1-66ED904F4033}"
EndProject
Project("{FAE04EC0-301F-11D3-BF4B-00C04F79EFBC}") = "TestingDropdowns.Tests", "TestingDropdowns.Tests\TestingDropdowns.Tests.csproj", "{E909E9D4-F76D-4DA7-8FF5-EEB233BCE357}"
EndProject
Global
	GlobalSection(SolutionConfigurationPlatforms) = preSolution
		Debug|Any CPU = Debug|Any CPU
		Release|Any CPU = Release|Any CPU
	EndGlobalSection
	GlobalSection(ProjectConfigurationPlatforms) = postSolution
		{3DD12AA5-A0DE-4469-8AB1-66ED904F4033}.Debug|Any CPU.ActiveCfg = Debug|Any CPU
		{3DD12AA5-A0DE-4469-8AB1-66ED904F4033}.Debug|Any CPU.Build.0 = Debug|Any CPU
		{3DD12AA5-A0DE-4469-8AB1-66ED904F4033}.Release|Any CPU.ActiveCfg = Release|Any CPU
		{3DD12AA5-A0DE-4469-8AB1-66ED904F4033}.Release|Any CPU.Build.0 = Release|Any CPU
		{E909E9D4-F76D-4DA7-8FF5-EEB233BCE357}.Debug|Any CPU.ActiveCfg = Debug|Any CPU
		{E909E9D4-F76D-4DA7-8FF5-EEB233BCE357}.Debug|Any CPU.Build.0 = Debug|Any CPU
		{E909E9D4-F76D-4DA7-8FF5-EEB233BCE357}.Release|Any CPU.ActiveCfg = Release|Any CPU
		{E909E9D4-F76D-4DA7-8FF5-EEB233BCE357}.Release|Any CPU.Build.0 = Release|Any CPU
	EndGlobalSection
EndGlobal
